
Microsoft Visual Studio Solution File, Format Version 12.00
# Visual Studio Version 16
VisualStudioVersion = 16.0.30503.244
MinimumVisualStudioVersion = 10.0.40219.1
Project("{FAE04EC0-301F-11D3-BF4B-00C04F79EFBC}") = "Task_1", "Task_1\Task_1.csproj", "{9DE82CDA-3917-4328-AAC3-5963CA154047}"
EndProject
Global
	GlobalSection(SolutionConfigurationPlatforms) = preSolution
		Debug|Any CPU = Debug|Any CPU
		Release|Any CPU = Release|Any CPU
	EndGlobalSection
	GlobalSection(ProjectConfigurationPlatforms) = postSolution
		{9DE82CDA-3917-4328-AAC3-5963CA154047}.Debug|Any CPU.ActiveCfg = Debug|Any CPU
		{9DE82CDA-3917-4328-AAC3-5963CA154047}.Debug|Any CPU.Build.0 = Debug|Any CPU
		{9DE82CDA-3917-4328-AAC3-5963CA154047}.Release|Any CPU.ActiveCfg = Release|Any CPU
		{9DE82CDA-3917-4328-AAC3-5963CA154047}.Release|Any CPU.Build.0 = Release|Any CPU
	EndGlobalSection
	GlobalSection(SolutionProperties) = preSolution
		HideSolutionNode = FALSE
	EndGlobalSection
	GlobalSection(ExtensibilityGlobals) = postSolution
		SolutionGuid = {BEA0EDFE-0656-45A1-842F-219180EB990D}
	EndGlobalSection
EndGlobal
